// !$*UTF8*$!
{
	archiveVersion = 1;
	classes = {
	};
	objectVersion = 55;
	objects = {

/* Begin PBXBuildFile section */
		AE0C1B1B27E8990800A55478 /* ComposableArchitecture in Frameworks */ = {isa = PBXBuildFile; productRef = AE0C1B1A27E8990800A55478 /* ComposableArchitecture */; };
		AE0F3AD427E5E666005E8DAC /* MusiclibApp.swift in Sources */ = {isa = PBXBuildFile; fileRef = AE0F3AD327E5E666005E8DAC /* MusiclibApp.swift */; };
		AE0F3AD827E5E667005E8DAC /* Assets.xcassets in Resources */ = {isa = PBXBuildFile; fileRef = AE0F3AD727E5E667005E8DAC /* Assets.xcassets */; };
		AE0F3ADB27E5E667005E8DAC /* Preview Assets.xcassets in Resources */ = {isa = PBXBuildFile; fileRef = AE0F3ADA27E5E667005E8DAC /* Preview Assets.xcassets */; };
		AE0F3AE527E5E668005E8DAC /* musiclibTests.swift in Sources */ = {isa = PBXBuildFile; fileRef = AE0F3AE427E5E668005E8DAC /* musiclibTests.swift */; };
		AE0F3AEF27E5E668005E8DAC /* musiclibUITests.swift in Sources */ = {isa = PBXBuildFile; fileRef = AE0F3AEE27E5E668005E8DAC /* musiclibUITests.swift */; };
		AE0F3AF127E5E668005E8DAC /* musiclibUITestsLaunchTests.swift in Sources */ = {isa = PBXBuildFile; fileRef = AE0F3AF027E5E668005E8DAC /* musiclibUITestsLaunchTests.swift */; };
		AE0F3B2727E5EB30005E8DAC /* ArtistsListView.swift in Sources */ = {isa = PBXBuildFile; fileRef = AE0F3B2627E5EB30005E8DAC /* ArtistsListView.swift */; };
		AE0F3B2827E5EB30005E8DAC /* ArtistsListView.swift in Sources */ = {isa = PBXBuildFile; fileRef = AE0F3B2627E5EB30005E8DAC /* ArtistsListView.swift */; };
		AE0F3B2927E5EB30005E8DAC /* ArtistsListView.swift in Sources */ = {isa = PBXBuildFile; fileRef = AE0F3B2627E5EB30005E8DAC /* ArtistsListView.swift */; };
		AE0F3B3027E5EF7F005E8DAC /* ArtistView.swift in Sources */ = {isa = PBXBuildFile; fileRef = AE0F3B2F27E5EF7F005E8DAC /* ArtistView.swift */; };
		AE0F3B3127E5EF7F005E8DAC /* ArtistView.swift in Sources */ = {isa = PBXBuildFile; fileRef = AE0F3B2F27E5EF7F005E8DAC /* ArtistView.swift */; };
		AE0F3B3227E5EF7F005E8DAC /* ArtistView.swift in Sources */ = {isa = PBXBuildFile; fileRef = AE0F3B2F27E5EF7F005E8DAC /* ArtistView.swift */; };
		AE0F3B3527E5F908005E8DAC /* Artist.swift in Sources */ = {isa = PBXBuildFile; fileRef = AE0F3B3427E5F908005E8DAC /* Artist.swift */; };
		AE0F3B3627E5F909005E8DAC /* Artist.swift in Sources */ = {isa = PBXBuildFile; fileRef = AE0F3B3427E5F908005E8DAC /* Artist.swift */; };
		AE0F3B3727E5F909005E8DAC /* Artist.swift in Sources */ = {isa = PBXBuildFile; fileRef = AE0F3B3427E5F908005E8DAC /* Artist.swift */; };
		AE0F3B3927E5FBB5005E8DAC /* Album.swift in Sources */ = {isa = PBXBuildFile; fileRef = AE0F3B3827E5FBB5005E8DAC /* Album.swift */; };
		AE0F3B3A27E5FBB5005E8DAC /* Album.swift in Sources */ = {isa = PBXBuildFile; fileRef = AE0F3B3827E5FBB5005E8DAC /* Album.swift */; };
		AE0F3B3B27E5FBB5005E8DAC /* Album.swift in Sources */ = {isa = PBXBuildFile; fileRef = AE0F3B3827E5FBB5005E8DAC /* Album.swift */; };
		AE0F3B3D27E5FBEF005E8DAC /* Track.swift in Sources */ = {isa = PBXBuildFile; fileRef = AE0F3B3C27E5FBEF005E8DAC /* Track.swift */; };
		AE0F3B3E27E5FBEF005E8DAC /* Track.swift in Sources */ = {isa = PBXBuildFile; fileRef = AE0F3B3C27E5FBEF005E8DAC /* Track.swift */; };
		AE0F3B3F27E5FBEF005E8DAC /* Track.swift in Sources */ = {isa = PBXBuildFile; fileRef = AE0F3B3C27E5FBEF005E8DAC /* Track.swift */; };
		AE0F3B4227E5FE13005E8DAC /* NetworkClient.swift in Sources */ = {isa = PBXBuildFile; fileRef = AE0F3B4127E5FE13005E8DAC /* NetworkClient.swift */; };
		AE0F3B4327E5FE13005E8DAC /* NetworkClient.swift in Sources */ = {isa = PBXBuildFile; fileRef = AE0F3B4127E5FE13005E8DAC /* NetworkClient.swift */; };
		AE0F3B4427E5FE13005E8DAC /* NetworkClient.swift in Sources */ = {isa = PBXBuildFile; fileRef = AE0F3B4127E5FE13005E8DAC /* NetworkClient.swift */; };
		AEAC360127E9E9640066F2F9 /* Image+Helpers.swift in Sources */ = {isa = PBXBuildFile; fileRef = AEAC360027E9E9640066F2F9 /* Image+Helpers.swift */; };
		AEAC360427E9FE110066F2F9 /* AlbumView.swift in Sources */ = {isa = PBXBuildFile; fileRef = AEAC360327E9FE110066F2F9 /* AlbumView.swift */; };
		AEAC360727EA00270066F2F9 /* AlbumAction.swift in Sources */ = {isa = PBXBuildFile; fileRef = AEAC360627EA00270066F2F9 /* AlbumAction.swift */; };
		AEAC360927EA006E0066F2F9 /* AlbumReducer.swift in Sources */ = {isa = PBXBuildFile; fileRef = AEAC360827EA006E0066F2F9 /* AlbumReducer.swift */; };
		AEAC360B27EA00770066F2F9 /* AlbumEnvironment.swift in Sources */ = {isa = PBXBuildFile; fileRef = AEAC360A27EA00770066F2F9 /* AlbumEnvironment.swift */; };
		AEAC360D27EA0D5C0066F2F9 /* AlbumState.swift in Sources */ = {isa = PBXBuildFile; fileRef = AEAC360C27EA0D5C0066F2F9 /* AlbumState.swift */; };
		AEAC360F27EA11EF0066F2F9 /* Int+Helpers.swift in Sources */ = {isa = PBXBuildFile; fileRef = AEAC360E27EA11EF0066F2F9 /* Int+Helpers.swift */; };
		AEFE167527E8E20F0000F2E3 /* ArtistAction.swift in Sources */ = {isa = PBXBuildFile; fileRef = AEFE167427E8E20F0000F2E3 /* ArtistAction.swift */; };
		AEFE167727E8E2200000F2E3 /* ArtistReducer.swift in Sources */ = {isa = PBXBuildFile; fileRef = AEFE167627E8E2200000F2E3 /* ArtistReducer.swift */; };
		AEFE167927E8E22E0000F2E3 /* ArtistEnvironment.swift in Sources */ = {isa = PBXBuildFile; fileRef = AEFE167827E8E22E0000F2E3 /* ArtistEnvironment.swift */; };
		AEFE167B27E8FE630000F2E3 /* Chart.swift in Sources */ = {isa = PBXBuildFile; fileRef = AEFE167A27E8FE630000F2E3 /* Chart.swift */; };
		AEFE167E27E8FF770000F2E3 /* ChartsState.swift in Sources */ = {isa = PBXBuildFile; fileRef = AEFE167D27E8FF770000F2E3 /* ChartsState.swift */; };
		AEFE168027E91ED00000F2E3 /* ChartsAction.swift in Sources */ = {isa = PBXBuildFile; fileRef = AEFE167F27E91ED00000F2E3 /* ChartsAction.swift */; };
		AEFE168227E91EFE0000F2E3 /* ArtistState.swift in Sources */ = {isa = PBXBuildFile; fileRef = AEFE168127E91EFE0000F2E3 /* ArtistState.swift */; };
		AEFE168427E91F420000F2E3 /* ChartsReducer.swift in Sources */ = {isa = PBXBuildFile; fileRef = AEFE168327E91F420000F2E3 /* ChartsReducer.swift */; };
		AEFE168627E91F730000F2E3 /* ChartsEnvironment.swift in Sources */ = {isa = PBXBuildFile; fileRef = AEFE168527E91F730000F2E3 /* ChartsEnvironment.swift */; };
/* End PBXBuildFile section */

/* Begin PBXContainerItemProxy section */
		AE0F3AE127E5E668005E8DAC /* PBXContainerItemProxy */ = {
			isa = PBXContainerItemProxy;
			containerPortal = AE0F3AC827E5E666005E8DAC /* Project object */;
			proxyType = 1;
			remoteGlobalIDString = AE0F3ACF27E5E666005E8DAC;
			remoteInfo = musiclib;
		};
		AE0F3AEB27E5E668005E8DAC /* PBXContainerItemProxy */ = {
			isa = PBXContainerItemProxy;
			containerPortal = AE0F3AC827E5E666005E8DAC /* Project object */;
			proxyType = 1;
			remoteGlobalIDString = AE0F3ACF27E5E666005E8DAC;
			remoteInfo = musiclib;
		};
/* End PBXContainerItemProxy section */

/* Begin PBXFileReference section */
		AE0F3AD027E5E666005E8DAC /* Musiclib.app */ = {isa = PBXFileReference; explicitFileType = wrapper.application; includeInIndex = 0; path = Musiclib.app; sourceTree = BUILT_PRODUCTS_DIR; };
		AE0F3AD327E5E666005E8DAC /* MusiclibApp.swift */ = {isa = PBXFileReference; lastKnownFileType = sourcecode.swift; path = MusiclibApp.swift; sourceTree = "<group>"; };
		AE0F3AD727E5E667005E8DAC /* Assets.xcassets */ = {isa = PBXFileReference; lastKnownFileType = folder.assetcatalog; path = Assets.xcassets; sourceTree = "<group>"; };
		AE0F3ADA27E5E667005E8DAC /* Preview Assets.xcassets */ = {isa = PBXFileReference; lastKnownFileType = folder.assetcatalog; path = "Preview Assets.xcassets"; sourceTree = "<group>"; };
		AE0F3AE027E5E668005E8DAC /* MusiclibTests.xctest */ = {isa = PBXFileReference; explicitFileType = wrapper.cfbundle; includeInIndex = 0; path = MusiclibTests.xctest; sourceTree = BUILT_PRODUCTS_DIR; };
		AE0F3AE427E5E668005E8DAC /* musiclibTests.swift */ = {isa = PBXFileReference; lastKnownFileType = sourcecode.swift; path = musiclibTests.swift; sourceTree = "<group>"; };
		AE0F3AEA27E5E668005E8DAC /* MusiclibUITests.xctest */ = {isa = PBXFileReference; explicitFileType = wrapper.cfbundle; includeInIndex = 0; path = MusiclibUITests.xctest; sourceTree = BUILT_PRODUCTS_DIR; };
		AE0F3AEE27E5E668005E8DAC /* musiclibUITests.swift */ = {isa = PBXFileReference; lastKnownFileType = sourcecode.swift; path = musiclibUITests.swift; sourceTree = "<group>"; };
		AE0F3AF027E5E668005E8DAC /* musiclibUITestsLaunchTests.swift */ = {isa = PBXFileReference; lastKnownFileType = sourcecode.swift; path = musiclibUITestsLaunchTests.swift; sourceTree = "<group>"; };
		AE0F3B2627E5EB30005E8DAC /* ArtistsListView.swift */ = {isa = PBXFileReference; lastKnownFileType = sourcecode.swift; path = ArtistsListView.swift; sourceTree = "<group>"; };
		AE0F3B2F27E5EF7F005E8DAC /* ArtistView.swift */ = {isa = PBXFileReference; lastKnownFileType = sourcecode.swift; path = ArtistView.swift; sourceTree = "<group>"; };
		AE0F3B3427E5F908005E8DAC /* Artist.swift */ = {isa = PBXFileReference; lastKnownFileType = sourcecode.swift; path = Artist.swift; sourceTree = "<group>"; };
		AE0F3B3827E5FBB5005E8DAC /* Album.swift */ = {isa = PBXFileReference; lastKnownFileType = sourcecode.swift; path = Album.swift; sourceTree = "<group>"; };
		AE0F3B3C27E5FBEF005E8DAC /* Track.swift */ = {isa = PBXFileReference; lastKnownFileType = sourcecode.swift; path = Track.swift; sourceTree = "<group>"; };
		AE0F3B4127E5FE13005E8DAC /* NetworkClient.swift */ = {isa = PBXFileReference; lastKnownFileType = sourcecode.swift; path = NetworkClient.swift; sourceTree = "<group>"; };
		AEAC360027E9E9640066F2F9 /* Image+Helpers.swift */ = {isa = PBXFileReference; lastKnownFileType = sourcecode.swift; path = "Image+Helpers.swift"; sourceTree = "<group>"; };
		AEAC360327E9FE110066F2F9 /* AlbumView.swift */ = {isa = PBXFileReference; lastKnownFileType = sourcecode.swift; path = AlbumView.swift; sourceTree = "<group>"; };
		AEAC360627EA00270066F2F9 /* AlbumAction.swift */ = {isa = PBXFileReference; lastKnownFileType = sourcecode.swift; path = AlbumAction.swift; sourceTree = "<group>"; };
		AEAC360827EA006E0066F2F9 /* AlbumReducer.swift */ = {isa = PBXFileReference; lastKnownFileType = sourcecode.swift; path = AlbumReducer.swift; sourceTree = "<group>"; };
		AEAC360A27EA00770066F2F9 /* AlbumEnvironment.swift */ = {isa = PBXFileReference; lastKnownFileType = sourcecode.swift; path = AlbumEnvironment.swift; sourceTree = "<group>"; };
		AEAC360C27EA0D5C0066F2F9 /* AlbumState.swift */ = {isa = PBXFileReference; lastKnownFileType = sourcecode.swift; path = AlbumState.swift; sourceTree = "<group>"; };
		AEAC360E27EA11EF0066F2F9 /* Int+Helpers.swift */ = {isa = PBXFileReference; lastKnownFileType = sourcecode.swift; path = "Int+Helpers.swift"; sourceTree = "<group>"; };
		AEFE167427E8E20F0000F2E3 /* ArtistAction.swift */ = {isa = PBXFileReference; lastKnownFileType = sourcecode.swift; path = ArtistAction.swift; sourceTree = "<group>"; };
		AEFE167627E8E2200000F2E3 /* ArtistReducer.swift */ = {isa = PBXFileReference; lastKnownFileType = sourcecode.swift; path = ArtistReducer.swift; sourceTree = "<group>"; };
		AEFE167827E8E22E0000F2E3 /* ArtistEnvironment.swift */ = {isa = PBXFileReference; lastKnownFileType = sourcecode.swift; path = ArtistEnvironment.swift; sourceTree = "<group>"; };
		AEFE167A27E8FE630000F2E3 /* Chart.swift */ = {isa = PBXFileReference; lastKnownFileType = sourcecode.swift; path = Chart.swift; sourceTree = "<group>"; };
		AEFE167D27E8FF770000F2E3 /* ChartsState.swift */ = {isa = PBXFileReference; lastKnownFileType = sourcecode.swift; path = ChartsState.swift; sourceTree = "<group>"; };
		AEFE167F27E91ED00000F2E3 /* ChartsAction.swift */ = {isa = PBXFileReference; lastKnownFileType = sourcecode.swift; path = ChartsAction.swift; sourceTree = "<group>"; };
		AEFE168127E91EFE0000F2E3 /* ArtistState.swift */ = {isa = PBXFileReference; lastKnownFileType = sourcecode.swift; path = ArtistState.swift; sourceTree = "<group>"; };
		AEFE168327E91F420000F2E3 /* ChartsReducer.swift */ = {isa = PBXFileReference; lastKnownFileType = sourcecode.swift; path = ChartsReducer.swift; sourceTree = "<group>"; };
		AEFE168527E91F730000F2E3 /* ChartsEnvironment.swift */ = {isa = PBXFileReference; lastKnownFileType = sourcecode.swift; path = ChartsEnvironment.swift; sourceTree = "<group>"; };
/* End PBXFileReference section */

/* Begin PBXFrameworksBuildPhase section */
		AE0F3ACD27E5E666005E8DAC /* Frameworks */ = {
			isa = PBXFrameworksBuildPhase;
			buildActionMask = 2147483647;
			files = (
				AE0C1B1B27E8990800A55478 /* ComposableArchitecture in Frameworks */,
			);
			runOnlyForDeploymentPostprocessing = 0;
		};
		AE0F3ADD27E5E668005E8DAC /* Frameworks */ = {
			isa = PBXFrameworksBuildPhase;
			buildActionMask = 2147483647;
			files = (
			);
			runOnlyForDeploymentPostprocessing = 0;
		};
		AE0F3AE727E5E668005E8DAC /* Frameworks */ = {
			isa = PBXFrameworksBuildPhase;
			buildActionMask = 2147483647;
			files = (
			);
			runOnlyForDeploymentPostprocessing = 0;
		};
/* End PBXFrameworksBuildPhase section */

/* Begin PBXGroup section */
		AE0F3AC727E5E666005E8DAC = {
			isa = PBXGroup;
			children = (
				AE0F3AD227E5E666005E8DAC /* Musiclib */,
				AE0F3AE327E5E668005E8DAC /* MusiclibTests */,
				AE0F3AED27E5E668005E8DAC /* MusiclibUITests */,
				AE0F3AD127E5E666005E8DAC /* Products */,
			);
			sourceTree = "<group>";
		};
		AE0F3AD127E5E666005E8DAC /* Products */ = {
			isa = PBXGroup;
			children = (
				AE0F3AD027E5E666005E8DAC /* Musiclib.app */,
				AE0F3AE027E5E668005E8DAC /* MusiclibTests.xctest */,
				AE0F3AEA27E5E668005E8DAC /* MusiclibUITests.xctest */,
			);
			name = Products;
			sourceTree = "<group>";
		};
		AE0F3AD227E5E666005E8DAC /* Musiclib */ = {
			isa = PBXGroup;
			children = (
				AEFE168727E920C80000F2E3 /* Store */,
				AE0F3B4027E5FDEE005E8DAC /* API */,
				AE0F3B3327E5F8FC005E8DAC /* Models */,
				AE0F3B2427E5EAE9005E8DAC /* Views */,
				AEAC35FF27E9E92A0066F2F9 /* Shared */,
				AE0F3AD727E5E667005E8DAC /* Assets.xcassets */,
				AE0F3AD927E5E667005E8DAC /* Preview Content */,
			);
			path = Musiclib;
			sourceTree = "<group>";
		};
		AE0F3AD927E5E667005E8DAC /* Preview Content */ = {
			isa = PBXGroup;
			children = (
				AE0F3ADA27E5E667005E8DAC /* Preview Assets.xcassets */,
			);
			path = "Preview Content";
			sourceTree = "<group>";
		};
		AE0F3AE327E5E668005E8DAC /* MusiclibTests */ = {
			isa = PBXGroup;
			children = (
				AE0F3AE427E5E668005E8DAC /* musiclibTests.swift */,
			);
			path = MusiclibTests;
			sourceTree = "<group>";
		};
		AE0F3AED27E5E668005E8DAC /* MusiclibUITests */ = {
			isa = PBXGroup;
			children = (
				AE0F3AEE27E5E668005E8DAC /* musiclibUITests.swift */,
				AE0F3AF027E5E668005E8DAC /* musiclibUITestsLaunchTests.swift */,
			);
			path = MusiclibUITests;
			sourceTree = "<group>";
		};
		AE0F3B2427E5EAE9005E8DAC /* Views */ = {
			isa = PBXGroup;
			children = (
				AE0F3AD327E5E666005E8DAC /* MusiclibApp.swift */,
				AEAC360227E9FE020066F2F9 /* AlbumView */,
				AE0F3B2E27E5EF41005E8DAC /* Artist */,
				AE0F3B2527E5EAFF005E8DAC /* ArtistsList */,
			);
			path = Views;
			sourceTree = "<group>";
		};
		AE0F3B2527E5EAFF005E8DAC /* ArtistsList */ = {
			isa = PBXGroup;
			children = (
				AE0F3B2627E5EB30005E8DAC /* ArtistsListView.swift */,
			);
			path = ArtistsList;
			sourceTree = "<group>";
		};
		AE0F3B2E27E5EF41005E8DAC /* Artist */ = {
			isa = PBXGroup;
			children = (
				AE0F3B2F27E5EF7F005E8DAC /* ArtistView.swift */,
			);
			path = Artist;
			sourceTree = "<group>";
		};
		AE0F3B3327E5F8FC005E8DAC /* Models */ = {
			isa = PBXGroup;
			children = (
				AE0F3B3427E5F908005E8DAC /* Artist.swift */,
				AEFE167A27E8FE630000F2E3 /* Chart.swift */,
				AE0F3B3827E5FBB5005E8DAC /* Album.swift */,
				AE0F3B3C27E5FBEF005E8DAC /* Track.swift */,
			);
			path = Models;
			sourceTree = "<group>";
		};
		AE0F3B4027E5FDEE005E8DAC /* API */ = {
			isa = PBXGroup;
			children = (
				AE0F3B4127E5FE13005E8DAC /* NetworkClient.swift */,
			);
			path = API;
			sourceTree = "<group>";
		};
		AEAC35FF27E9E92A0066F2F9 /* Shared */ = {
			isa = PBXGroup;
			children = (
				AEAC360027E9E9640066F2F9 /* Image+Helpers.swift */,
				AEAC360E27EA11EF0066F2F9 /* Int+Helpers.swift */,
			);
			path = Shared;
			sourceTree = "<group>";
		};
		AEAC360227E9FE020066F2F9 /* AlbumView */ = {
			isa = PBXGroup;
			children = (
				AEAC360327E9FE110066F2F9 /* AlbumView.swift */,
			);
			path = AlbumView;
			sourceTree = "<group>";
		};
		AEAC360527EA00160066F2F9 /* Album */ = {
			isa = PBXGroup;
			children = (
				AEAC360627EA00270066F2F9 /* AlbumAction.swift */,
				AEAC360C27EA0D5C0066F2F9 /* AlbumState.swift */,
				AEAC360827EA006E0066F2F9 /* AlbumReducer.swift */,
				AEAC360A27EA00770066F2F9 /* AlbumEnvironment.swift */,
			);
			path = Album;
			sourceTree = "<group>";
		};
		AEFE167327E8E1D70000F2E3 /* Artist */ = {
			isa = PBXGroup;
			children = (
				AEFE167427E8E20F0000F2E3 /* ArtistAction.swift */,
				AEFE168127E91EFE0000F2E3 /* ArtistState.swift */,
				AEFE167627E8E2200000F2E3 /* ArtistReducer.swift */,
				AEFE167827E8E22E0000F2E3 /* ArtistEnvironment.swift */,
			);
			path = Artist;
			sourceTree = "<group>";
		};
		AEFE167C27E8FF5D0000F2E3 /* Charts */ = {
			isa = PBXGroup;
			children = (
				AEFE167D27E8FF770000F2E3 /* ChartsState.swift */,
				AEFE168327E91F420000F2E3 /* ChartsReducer.swift */,
				AEFE167F27E91ED00000F2E3 /* ChartsAction.swift */,
				AEFE168527E91F730000F2E3 /* ChartsEnvironment.swift */,
			);
			path = Charts;
			sourceTree = "<group>";
		};
		AEFE168727E920C80000F2E3 /* Store */ = {
			isa = PBXGroup;
			children = (
				AEAC360527EA00160066F2F9 /* Album */,
				AEFE167327E8E1D70000F2E3 /* Artist */,
				AEFE167C27E8FF5D0000F2E3 /* Charts */,
			);
			path = Store;
			sourceTree = "<group>";
		};
/* End PBXGroup section */

/* Begin PBXNativeTarget section */
		AE0F3ACF27E5E666005E8DAC /* Musiclib */ = {
			isa = PBXNativeTarget;
			buildConfigurationList = AE0F3AF427E5E668005E8DAC /* Build configuration list for PBXNativeTarget "Musiclib" */;
			buildPhases = (
				AE0F3ACC27E5E666005E8DAC /* Sources */,
				AE0F3ACD27E5E666005E8DAC /* Frameworks */,
				AE0F3ACE27E5E666005E8DAC /* Resources */,
			);
			buildRules = (
			);
			dependencies = (
			);
			name = Musiclib;
			packageProductDependencies = (
				AE0C1B1A27E8990800A55478 /* ComposableArchitecture */,
			);
			productName = musiclib;
			productReference = AE0F3AD027E5E666005E8DAC /* Musiclib.app */;
			productType = "com.apple.product-type.application";
		};
		AE0F3ADF27E5E668005E8DAC /* MusiclibTests */ = {
			isa = PBXNativeTarget;
			buildConfigurationList = AE0F3AF727E5E668005E8DAC /* Build configuration list for PBXNativeTarget "MusiclibTests" */;
			buildPhases = (
				AE0F3ADC27E5E668005E8DAC /* Sources */,
				AE0F3ADD27E5E668005E8DAC /* Frameworks */,
				AE0F3ADE27E5E668005E8DAC /* Resources */,
			);
			buildRules = (
			);
			dependencies = (
				AE0F3AE227E5E668005E8DAC /* PBXTargetDependency */,
			);
			name = MusiclibTests;
			productName = musiclibTests;
			productReference = AE0F3AE027E5E668005E8DAC /* MusiclibTests.xctest */;
			productType = "com.apple.product-type.bundle.unit-test";
		};
		AE0F3AE927E5E668005E8DAC /* MusiclibUITests */ = {
			isa = PBXNativeTarget;
			buildConfigurationList = AE0F3AFA27E5E668005E8DAC /* Build configuration list for PBXNativeTarget "MusiclibUITests" */;
			buildPhases = (
				AE0F3AE627E5E668005E8DAC /* Sources */,
				AE0F3AE727E5E668005E8DAC /* Frameworks */,
				AE0F3AE827E5E668005E8DAC /* Resources */,
			);
			buildRules = (
			);
			dependencies = (
				AE0F3AEC27E5E668005E8DAC /* PBXTargetDependency */,
			);
			name = MusiclibUITests;
			productName = musiclibUITests;
			productReference = AE0F3AEA27E5E668005E8DAC /* MusiclibUITests.xctest */;
			productType = "com.apple.product-type.bundle.ui-testing";
		};
/* End PBXNativeTarget section */

/* Begin PBXProject section */
		AE0F3AC827E5E666005E8DAC /* Project object */ = {
			isa = PBXProject;
			attributes = {
				BuildIndependentTargetsInParallel = 1;
				LastSwiftUpdateCheck = 1320;
				LastUpgradeCheck = 1320;
				TargetAttributes = {
					AE0F3ACF27E5E666005E8DAC = {
						CreatedOnToolsVersion = 13.2.1;
					};
					AE0F3ADF27E5E668005E8DAC = {
						CreatedOnToolsVersion = 13.2.1;
						TestTargetID = AE0F3ACF27E5E666005E8DAC;
					};
					AE0F3AE927E5E668005E8DAC = {
						CreatedOnToolsVersion = 13.2.1;
						TestTargetID = AE0F3ACF27E5E666005E8DAC;
					};
				};
			};
			buildConfigurationList = AE0F3ACB27E5E666005E8DAC /* Build configuration list for PBXProject "Musiclib" */;
			compatibilityVersion = "Xcode 13.0";
			developmentRegion = en;
			hasScannedForEncodings = 0;
			knownRegions = (
				en,
				Base,
			);
			mainGroup = AE0F3AC727E5E666005E8DAC;
			packageReferences = (
				AE0C1B1927E8990800A55478 /* XCRemoteSwiftPackageReference "swift-composable-architecture" */,
			);
			productRefGroup = AE0F3AD127E5E666005E8DAC /* Products */;
			projectDirPath = "";
			projectRoot = "";
			targets = (
				AE0F3ACF27E5E666005E8DAC /* Musiclib */,
				AE0F3ADF27E5E668005E8DAC /* MusiclibTests */,
				AE0F3AE927E5E668005E8DAC /* MusiclibUITests */,
			);
		};
/* End PBXProject section */

/* Begin PBXResourcesBuildPhase section */
		AE0F3ACE27E5E666005E8DAC /* Resources */ = {
			isa = PBXResourcesBuildPhase;
			buildActionMask = 2147483647;
			files = (
				AE0F3ADB27E5E667005E8DAC /* Preview Assets.xcassets in Resources */,
				AE0F3AD827E5E667005E8DAC /* Assets.xcassets in Resources */,
			);
			runOnlyForDeploymentPostprocessing = 0;
		};
		AE0F3ADE27E5E668005E8DAC /* Resources */ = {
			isa = PBXResourcesBuildPhase;
			buildActionMask = 2147483647;
			files = (
			);
			runOnlyForDeploymentPostprocessing = 0;
		};
		AE0F3AE827E5E668005E8DAC /* Resources */ = {
			isa = PBXResourcesBuildPhase;
			buildActionMask = 2147483647;
			files = (
			);
			runOnlyForDeploymentPostprocessing = 0;
		};
/* End PBXResourcesBuildPhase section */

/* Begin PBXSourcesBuildPhase section */
		AE0F3ACC27E5E666005E8DAC /* Sources */ = {
			isa = PBXSourcesBuildPhase;
			buildActionMask = 2147483647;
			files = (
				AE0F3B2727E5EB30005E8DAC /* ArtistsListView.swift in Sources */,
				AEAC360B27EA00770066F2F9 /* AlbumEnvironment.swift in Sources */,
				AEFE167527E8E20F0000F2E3 /* ArtistAction.swift in Sources */,
				AE0F3B3027E5EF7F005E8DAC /* ArtistView.swift in Sources */,
				AE0F3B3927E5FBB5005E8DAC /* Album.swift in Sources */,
				AEAC360927EA006E0066F2F9 /* AlbumReducer.swift in Sources */,
				AEFE168227E91EFE0000F2E3 /* ArtistState.swift in Sources */,
				AEAC360D27EA0D5C0066F2F9 /* AlbumState.swift in Sources */,
				AE0F3B3527E5F908005E8DAC /* Artist.swift in Sources */,
				AE0F3AD427E5E666005E8DAC /* MusiclibApp.swift in Sources */,
				AEFE168427E91F420000F2E3 /* ChartsReducer.swift in Sources */,
				AEAC360727EA00270066F2F9 /* AlbumAction.swift in Sources */,
				AEFE167727E8E2200000F2E3 /* ArtistReducer.swift in Sources */,
				AEFE167B27E8FE630000F2E3 /* Chart.swift in Sources */,
				AE0F3B4227E5FE13005E8DAC /* NetworkClient.swift in Sources */,
				AEFE167927E8E22E0000F2E3 /* ArtistEnvironment.swift in Sources */,
				AEAC360427E9FE110066F2F9 /* AlbumView.swift in Sources */,
				AEFE168627E91F730000F2E3 /* ChartsEnvironment.swift in Sources */,
				AEFE168027E91ED00000F2E3 /* ChartsAction.swift in Sources */,
				AEFE167E27E8FF770000F2E3 /* ChartsState.swift in Sources */,
				AE0F3B3D27E5FBEF005E8DAC /* Track.swift in Sources */,
				AEAC360F27EA11EF0066F2F9 /* Int+Helpers.swift in Sources */,
				AEAC360127E9E9640066F2F9 /* Image+Helpers.swift in Sources */,
			);
			runOnlyForDeploymentPostprocessing = 0;
		};
		AE0F3ADC27E5E668005E8DAC /* Sources */ = {
			isa = PBXSourcesBuildPhase;
			buildActionMask = 2147483647;
			files = (
				AE0F3AE527E5E668005E8DAC /* musiclibTests.swift in Sources */,
				AE0F3B2827E5EB30005E8DAC /* ArtistsListView.swift in Sources */,
				AE0F3B3627E5F909005E8DAC /* Artist.swift in Sources */,
				AE0F3B3127E5EF7F005E8DAC /* ArtistView.swift in Sources */,
				AE0F3B3A27E5FBB5005E8DAC /* Album.swift in Sources */,
				AE0F3B3E27E5FBEF005E8DAC /* Track.swift in Sources */,
				AE0F3B4327E5FE13005E8DAC /* NetworkClient.swift in Sources */,
			);
			runOnlyForDeploymentPostprocessing = 0;
		};
		AE0F3AE627E5E668005E8DAC /* Sources */ = {
			isa = PBXSourcesBuildPhase;
			buildActionMask = 2147483647;
			files = (
				AE0F3B2927E5EB30005E8DAC /* ArtistsListView.swift in Sources */,
				AE0F3B3227E5EF7F005E8DAC /* ArtistView.swift in Sources */,
				AE0F3AF127E5E668005E8DAC /* musiclibUITestsLaunchTests.swift in Sources */,
				AE0F3B3B27E5FBB5005E8DAC /* Album.swift in Sources */,
				AE0F3B3727E5F909005E8DAC /* Artist.swift in Sources */,
				AE0F3AEF27E5E668005E8DAC /* musiclibUITests.swift in Sources */,
				AE0F3B4427E5FE13005E8DAC /* NetworkClient.swift in Sources */,
				AE0F3B3F27E5FBEF005E8DAC /* Track.swift in Sources */,
			);
			runOnlyForDeploymentPostprocessing = 0;
		};
/* End PBXSourcesBuildPhase section */

/* Begin PBXTargetDependency section */
		AE0F3AE227E5E668005E8DAC /* PBXTargetDependency */ = {
			isa = PBXTargetDependency;
			target = AE0F3ACF27E5E666005E8DAC /* Musiclib */;
			targetProxy = AE0F3AE127E5E668005E8DAC /* PBXContainerItemProxy */;
		};
		AE0F3AEC27E5E668005E8DAC /* PBXTargetDependency */ = {
			isa = PBXTargetDependency;
			target = AE0F3ACF27E5E666005E8DAC /* Musiclib */;
			targetProxy = AE0F3AEB27E5E668005E8DAC /* PBXContainerItemProxy */;
		};
/* End PBXTargetDependency section */

/* Begin XCBuildConfiguration section */
		AE0F3AF227E5E668005E8DAC /* Debug */ = {
			isa = XCBuildConfiguration;
			buildSettings = {
				ALWAYS_SEARCH_USER_PATHS = NO;
				CLANG_ANALYZER_NONNULL = YES;
				CLANG_ANALYZER_NUMBER_OBJECT_CONVERSION = YES_AGGRESSIVE;
				CLANG_CXX_LANGUAGE_STANDARD = "gnu++17";
				CLANG_CXX_LIBRARY = "libc++";
				CLANG_ENABLE_MODULES = YES;
				CLANG_ENABLE_OBJC_ARC = YES;
				CLANG_ENABLE_OBJC_WEAK = YES;
				CLANG_WARN_BLOCK_CAPTURE_AUTORELEASING = YES;
				CLANG_WARN_BOOL_CONVERSION = YES;
				CLANG_WARN_COMMA = YES;
				CLANG_WARN_CONSTANT_CONVERSION = YES;
				CLANG_WARN_DEPRECATED_OBJC_IMPLEMENTATIONS = YES;
				CLANG_WARN_DIRECT_OBJC_ISA_USAGE = YES_ERROR;
				CLANG_WARN_DOCUMENTATION_COMMENTS = YES;
				CLANG_WARN_EMPTY_BODY = YES;
				CLANG_WARN_ENUM_CONVERSION = YES;
				CLANG_WARN_INFINITE_RECURSION = YES;
				CLANG_WARN_INT_CONVERSION = YES;
				CLANG_WARN_NON_LITERAL_NULL_CONVERSION = YES;
				CLANG_WARN_OBJC_IMPLICIT_RETAIN_SELF = YES;
				CLANG_WARN_OBJC_LITERAL_CONVERSION = YES;
				CLANG_WARN_OBJC_ROOT_CLASS = YES_ERROR;
				CLANG_WARN_QUOTED_INCLUDE_IN_FRAMEWORK_HEADER = YES;
				CLANG_WARN_RANGE_LOOP_ANALYSIS = YES;
				CLANG_WARN_STRICT_PROTOTYPES = YES;
				CLANG_WARN_SUSPICIOUS_MOVE = YES;
				CLANG_WARN_UNGUARDED_AVAILABILITY = YES_AGGRESSIVE;
				CLANG_WARN_UNREACHABLE_CODE = YES;
				CLANG_WARN__DUPLICATE_METHOD_MATCH = YES;
				COPY_PHASE_STRIP = NO;
				DEBUG_INFORMATION_FORMAT = dwarf;
				ENABLE_STRICT_OBJC_MSGSEND = YES;
				ENABLE_TESTABILITY = YES;
				GCC_C_LANGUAGE_STANDARD = gnu11;
				GCC_DYNAMIC_NO_PIC = NO;
				GCC_NO_COMMON_BLOCKS = YES;
				GCC_OPTIMIZATION_LEVEL = 0;
				GCC_PREPROCESSOR_DEFINITIONS = (
					"DEBUG=1",
					"$(inherited)",
				);
				GCC_WARN_64_TO_32_BIT_CONVERSION = YES;
				GCC_WARN_ABOUT_RETURN_TYPE = YES_ERROR;
				GCC_WARN_UNDECLARED_SELECTOR = YES;
				GCC_WARN_UNINITIALIZED_AUTOS = YES_AGGRESSIVE;
				GCC_WARN_UNUSED_FUNCTION = YES;
				GCC_WARN_UNUSED_VARIABLE = YES;
				IPHONEOS_DEPLOYMENT_TARGET = 15.2;
				MTL_ENABLE_DEBUG_INFO = INCLUDE_SOURCE;
				MTL_FAST_MATH = YES;
				ONLY_ACTIVE_ARCH = YES;
				SDKROOT = iphoneos;
				SWIFT_ACTIVE_COMPILATION_CONDITIONS = DEBUG;
				SWIFT_OPTIMIZATION_LEVEL = "-Onone";
			};
			name = Debug;
		};
		AE0F3AF327E5E668005E8DAC /* Release */ = {
			isa = XCBuildConfiguration;
			buildSettings = {
				ALWAYS_SEARCH_USER_PATHS = NO;
				CLANG_ANALYZER_NONNULL = YES;
				CLANG_ANALYZER_NUMBER_OBJECT_CONVERSION = YES_AGGRESSIVE;
				CLANG_CXX_LANGUAGE_STANDARD = "gnu++17";
				CLANG_CXX_LIBRARY = "libc++";
				CLANG_ENABLE_MODULES = YES;
				CLANG_ENABLE_OBJC_ARC = YES;
				CLANG_ENABLE_OBJC_WEAK = YES;
				CLANG_WARN_BLOCK_CAPTURE_AUTORELEASING = YES;
				CLANG_WARN_BOOL_CONVERSION = YES;
				CLANG_WARN_COMMA = YES;
				CLANG_WARN_CONSTANT_CONVERSION = YES;
				CLANG_WARN_DEPRECATED_OBJC_IMPLEMENTATIONS = YES;
				CLANG_WARN_DIRECT_OBJC_ISA_USAGE = YES_ERROR;
				CLANG_WARN_DOCUMENTATION_COMMENTS = YES;
				CLANG_WARN_EMPTY_BODY = YES;
				CLANG_WARN_ENUM_CONVERSION = YES;
				CLANG_WARN_INFINITE_RECURSION = YES;
				CLANG_WARN_INT_CONVERSION = YES;
				CLANG_WARN_NON_LITERAL_NULL_CONVERSION = YES;
				CLANG_WARN_OBJC_IMPLICIT_RETAIN_SELF = YES;
				CLANG_WARN_OBJC_LITERAL_CONVERSION = YES;
				CLANG_WARN_OBJC_ROOT_CLASS = YES_ERROR;
				CLANG_WARN_QUOTED_INCLUDE_IN_FRAMEWORK_HEADER = YES;
				CLANG_WARN_RANGE_LOOP_ANALYSIS = YES;
				CLANG_WARN_STRICT_PROTOTYPES = YES;
				CLANG_WARN_SUSPICIOUS_MOVE = YES;
				CLANG_WARN_UNGUARDED_AVAILABILITY = YES_AGGRESSIVE;
				CLANG_WARN_UNREACHABLE_CODE = YES;
				CLANG_WARN__DUPLICATE_METHOD_MATCH = YES;
				COPY_PHASE_STRIP = NO;
				DEBUG_INFORMATION_FORMAT = "dwarf-with-dsym";
				ENABLE_NS_ASSERTIONS = NO;
				ENABLE_STRICT_OBJC_MSGSEND = YES;
				GCC_C_LANGUAGE_STANDARD = gnu11;
				GCC_NO_COMMON_BLOCKS = YES;
				GCC_WARN_64_TO_32_BIT_CONVERSION = YES;
				GCC_WARN_ABOUT_RETURN_TYPE = YES_ERROR;
				GCC_WARN_UNDECLARED_SELECTOR = YES;
				GCC_WARN_UNINITIALIZED_AUTOS = YES_AGGRESSIVE;
				GCC_WARN_UNUSED_FUNCTION = YES;
				GCC_WARN_UNUSED_VARIABLE = YES;
				IPHONEOS_DEPLOYMENT_TARGET = 15.2;
				MTL_ENABLE_DEBUG_INFO = NO;
				MTL_FAST_MATH = YES;
				SDKROOT = iphoneos;
				SWIFT_COMPILATION_MODE = wholemodule;
				SWIFT_OPTIMIZATION_LEVEL = "-O";
				VALIDATE_PRODUCT = YES;
			};
			name = Release;
		};
		AE0F3AF527E5E668005E8DAC /* Debug */ = {
			isa = XCBuildConfiguration;
			buildSettings = {
				ASSETCATALOG_COMPILER_APPICON_NAME = AppIcon;
				ASSETCATALOG_COMPILER_GLOBAL_ACCENT_COLOR_NAME = AccentColor;
				CODE_SIGN_STYLE = Automatic;
				CURRENT_PROJECT_VERSION = 1;
				DEVELOPMENT_ASSET_PATHS = "\"musiclib/Preview Content\"";
				DEVELOPMENT_TEAM = 7BV7G443SR;
				ENABLE_PREVIEWS = YES;
				GENERATE_INFOPLIST_FILE = YES;
				INFOPLIST_KEY_UIApplicationSceneManifest_Generation = YES;
				INFOPLIST_KEY_UIApplicationSupportsIndirectInputEvents = YES;
				INFOPLIST_KEY_UILaunchScreen_Generation = YES;
				INFOPLIST_KEY_UISupportedInterfaceOrientations = UIInterfaceOrientationPortrait;
				INFOPLIST_KEY_UISupportedInterfaceOrientations_iPad = "UIInterfaceOrientationPortrait UIInterfaceOrientationPortraitUpsideDown UIInterfaceOrientationLandscapeLeft UIInterfaceOrientationLandscapeRight";
				INFOPLIST_KEY_UISupportedInterfaceOrientations_iPhone = "UIInterfaceOrientationPortrait UIInterfaceOrientationLandscapeLeft UIInterfaceOrientationLandscapeRight";
				INFOPLIST_KEY_UIUserInterfaceStyle = Dark;
				LD_RUNPATH_SEARCH_PATHS = (
					"$(inherited)",
					"@executable_path/Frameworks",
				);
				MARKETING_VERSION = 1.0;
				PRODUCT_BUNDLE_IDENTIFIER = earine.musiclib;
				PRODUCT_NAME = "$(TARGET_NAME)";
				SWIFT_EMIT_LOC_STRINGS = YES;
				SWIFT_VERSION = 5.0;
				TARGETED_DEVICE_FAMILY = "1,2";
			};
			name = Debug;
		};
		AE0F3AF627E5E668005E8DAC /* Release */ = {
			isa = XCBuildConfiguration;
			buildSettings = {
				ASSETCATALOG_COMPILER_APPICON_NAME = AppIcon;
				ASSETCATALOG_COMPILER_GLOBAL_ACCENT_COLOR_NAME = AccentColor;
				CODE_SIGN_STYLE = Automatic;
				CURRENT_PROJECT_VERSION = 1;
				DEVELOPMENT_ASSET_PATHS = "\"musiclib/Preview Content\"";
				DEVELOPMENT_TEAM = 7BV7G443SR;
				ENABLE_PREVIEWS = YES;
				GENERATE_INFOPLIST_FILE = YES;
				INFOPLIST_KEY_UIApplicationSceneManifest_Generation = YES;
				INFOPLIST_KEY_UIApplicationSupportsIndirectInputEvents = YES;
				INFOPLIST_KEY_UILaunchScreen_Generation = YES;
				INFOPLIST_KEY_UISupportedInterfaceOrientations = UIInterfaceOrientationPortrait;
				INFOPLIST_KEY_UISupportedInterfaceOrientations_iPad = "UIInterfaceOrientationPortrait UIInterfaceOrientationPortraitUpsideDown UIInterfaceOrientationLandscapeLeft UIInterfaceOrientationLandscapeRight";
				INFOPLIST_KEY_UISupportedInterfaceOrientations_iPhone = "UIInterfaceOrientationPortrait UIInterfaceOrientationLandscapeLeft UIInterfaceOrientationLandscapeRight";
				INFOPLIST_KEY_UIUserInterfaceStyle = Dark;
				LD_RUNPATH_SEARCH_PATHS = (
					"$(inherited)",
					"@executable_path/Frameworks",
				);
				MARKETING_VERSION = 1.0;
				PRODUCT_BUNDLE_IDENTIFIER = earine.musiclib;
				PRODUCT_NAME = "$(TARGET_NAME)";
				SWIFT_EMIT_LOC_STRINGS = YES;
				SWIFT_VERSION = 5.0;
				TARGETED_DEVICE_FAMILY = "1,2";
			};
			name = Release;
		};
		AE0F3AF827E5E668005E8DAC /* Debug */ = {
			isa = XCBuildConfiguration;
			buildSettings = {
				ALWAYS_EMBED_SWIFT_STANDARD_LIBRARIES = YES;
				BUNDLE_LOADER = "$(TEST_HOST)";
				CODE_SIGN_STYLE = Automatic;
				CURRENT_PROJECT_VERSION = 1;
				DEVELOPMENT_TEAM = 7BV7G443SR;
				GENERATE_INFOPLIST_FILE = YES;
				IPHONEOS_DEPLOYMENT_TARGET = 15.2;
				MARKETING_VERSION = 1.0;
				PRODUCT_BUNDLE_IDENTIFIER = earine.musiclibTests;
				PRODUCT_NAME = "$(TARGET_NAME)";
				SWIFT_EMIT_LOC_STRINGS = NO;
				SWIFT_VERSION = 5.0;
				TARGETED_DEVICE_FAMILY = "1,2";
				TEST_HOST = "$(BUILT_PRODUCTS_DIR)/Musiclib.app/Musiclib";
			};
			name = Debug;
		};
		AE0F3AF927E5E668005E8DAC /* Release */ = {
			isa = XCBuildConfiguration;
			buildSettings = {
				ALWAYS_EMBED_SWIFT_STANDARD_LIBRARIES = YES;
				BUNDLE_LOADER = "$(TEST_HOST)";
				CODE_SIGN_STYLE = Automatic;
				CURRENT_PROJECT_VERSION = 1;
				DEVELOPMENT_TEAM = 7BV7G443SR;
				GENERATE_INFOPLIST_FILE = YES;
				IPHONEOS_DEPLOYMENT_TARGET = 15.2;
				MARKETING_VERSION = 1.0;
				PRODUCT_BUNDLE_IDENTIFIER = earine.musiclibTests;
				PRODUCT_NAME = "$(TARGET_NAME)";
				SWIFT_EMIT_LOC_STRINGS = NO;
				SWIFT_VERSION = 5.0;
				TARGETED_DEVICE_FAMILY = "1,2";
				TEST_HOST = "$(BUILT_PRODUCTS_DIR)/Musiclib.app/Musiclib";
			};
			name = Release;
		};
		AE0F3AFB27E5E668005E8DAC /* Debug */ = {
			isa = XCBuildConfiguration;
			buildSettings = {
				ALWAYS_EMBED_SWIFT_STANDARD_LIBRARIES = YES;
				CODE_SIGN_STYLE = Automatic;
				CURRENT_PROJECT_VERSION = 1;
				DEVELOPMENT_TEAM = 7BV7G443SR;
				GENERATE_INFOPLIST_FILE = YES;
				MARKETING_VERSION = 1.0;
				PRODUCT_BUNDLE_IDENTIFIER = earine.musiclibUITests;
				PRODUCT_NAME = "$(TARGET_NAME)";
				SWIFT_EMIT_LOC_STRINGS = NO;
				SWIFT_VERSION = 5.0;
				TARGETED_DEVICE_FAMILY = "1,2";
				TEST_TARGET_NAME = musiclib;
			};
			name = Debug;
		};
		AE0F3AFC27E5E668005E8DAC /* Release */ = {
			isa = XCBuildConfiguration;
			buildSettings = {
				ALWAYS_EMBED_SWIFT_STANDARD_LIBRARIES = YES;
				CODE_SIGN_STYLE = Automatic;
				CURRENT_PROJECT_VERSION = 1;
				DEVELOPMENT_TEAM = 7BV7G443SR;
				GENERATE_INFOPLIST_FILE = YES;
				MARKETING_VERSION = 1.0;
				PRODUCT_BUNDLE_IDENTIFIER = earine.musiclibUITests;
				PRODUCT_NAME = "$(TARGET_NAME)";
				SWIFT_EMIT_LOC_STRINGS = NO;
				SWIFT_VERSION = 5.0;
				TARGETED_DEVICE_FAMILY = "1,2";
				TEST_TARGET_NAME = musiclib;
			};
			name = Release;
		};
/* End XCBuildConfiguration section */

/* Begin XCConfigurationList section */
		AE0F3ACB27E5E666005E8DAC /* Build configuration list for PBXProject "Musiclib" */ = {
			isa = XCConfigurationList;
			buildConfigurations = (
				AE0F3AF227E5E668005E8DAC /* Debug */,
				AE0F3AF327E5E668005E8DAC /* Release */,
			);
			defaultConfigurationIsVisible = 0;
			defaultConfigurationName = Release;
		};
		AE0F3AF427E5E668005E8DAC /* Build configuration list for PBXNativeTarget "Musiclib" */ = {
			isa = XCConfigurationList;
			buildConfigurations = (
				AE0F3AF527E5E668005E8DAC /* Debug */,
				AE0F3AF627E5E668005E8DAC /* Release */,
			);
			defaultConfigurationIsVisible = 0;
			defaultConfigurationName = Release;
		};
		AE0F3AF727E5E668005E8DAC /* Build configuration list for PBXNativeTarget "MusiclibTests" */ = {
			isa = XCConfigurationList;
			buildConfigurations = (
				AE0F3AF827E5E668005E8DAC /* Debug */,
				AE0F3AF927E5E668005E8DAC /* Release */,
			);
			defaultConfigurationIsVisible = 0;
			defaultConfigurationName = Release;
		};
		AE0F3AFA27E5E668005E8DAC /* Build configuration list for PBXNativeTarget "MusiclibUITests" */ = {
			isa = XCConfigurationList;
			buildConfigurations = (
				AE0F3AFB27E5E668005E8DAC /* Debug */,
				AE0F3AFC27E5E668005E8DAC /* Release */,
			);
			defaultConfigurationIsVisible = 0;
			defaultConfigurationName = Release;
		};
/* End XCConfigurationList section */

/* Begin XCRemoteSwiftPackageReference section */
		AE0C1B1927E8990800A55478 /* XCRemoteSwiftPackageReference "swift-composable-architecture" */ = {
			isa = XCRemoteSwiftPackageReference;
			repositoryURL = "https://github.com/pointfreeco/swift-composable-architecture";
			requirement = {
				kind = upToNextMajorVersion;
				minimumVersion = 0.9.0;
			};
		};
/* End XCRemoteSwiftPackageReference section */

/* Begin XCSwiftPackageProductDependency section */
		AE0C1B1A27E8990800A55478 /* ComposableArchitecture */ = {
			isa = XCSwiftPackageProductDependency;
			package = AE0C1B1927E8990800A55478 /* XCRemoteSwiftPackageReference "swift-composable-architecture" */;
			productName = ComposableArchitecture;
		};
/* End XCSwiftPackageProductDependency section */
	};
	rootObject = AE0F3AC827E5E666005E8DAC /* Project object */;
}
